
Microsoft Visual Studio Solution File, Format Version 12.00
# Visual Studio Version 17
VisualStudioVersion = 17.4.33403.182
MinimumVisualStudioVersion = 10.0.40219.1
Project("{FAE04EC0-301F-11D3-BF4B-00C04F79EFBC}") = "ExercismChallengesConsoleApp", "ExercismChallengesConsoleApp\ExercismChallengesConsoleApp.csproj", "{646F366B-37F0-4600-AB7A-5EADCC0CE92F}"
EndProject
Global
	GlobalSection(SolutionConfigurationPlatforms) = preSolution
		Debug|Any CPU = Debug|Any CPU
		Release|Any CPU = Release|Any CPU
	EndGlobalSection
	GlobalSection(ProjectConfigurationPlatforms) = postSolution
		{646F366B-37F0-4600-AB7A-5EADCC0CE92F}.Debug|Any CPU.ActiveCfg = Debug|Any CPU
		{646F366B-37F0-4600-AB7A-5EADCC0CE92F}.Debug|Any CPU.Build.0 = Debug|Any CPU
		{646F366B-37F0-4600-AB7A-5EADCC0CE92F}.Release|Any CPU.ActiveCfg = Release|Any CPU
		{646F366B-37F0-4600-AB7A-5EADCC0CE92F}.Release|Any CPU.Build.0 = Release|Any CPU
	EndGlobalSection
	GlobalSection(SolutionProperties) = preSolution
		HideSolutionNode = FALSE
	EndGlobalSection
	GlobalSection(ExtensibilityGlobals) = postSolution
		SolutionGuid = {BAD78CD6-3DA2-4066-A245-488276443E43}
	EndGlobalSection
EndGlobal
